// !$*UTF8*$!
{
	archiveVersion = 1;
	classes = {
	};
	objectVersion = 56;
	objects = {

/* Begin PBXBuildFile section */
		1707AC0F299E4BA5001FD081 /* PopularVideoListTableViewCell.swift in Sources */ = {isa = PBXBuildFile; fileRef = 1707AC0D299E4BA5001FD081 /* PopularVideoListTableViewCell.swift */; };
		1707AC10299E4BA5001FD081 /* PopularVideoListTableViewCell.xib in Resources */ = {isa = PBXBuildFile; fileRef = 1707AC0E299E4BA5001FD081 /* PopularVideoListTableViewCell.xib */; };
		1707AC15299E6613001FD081 /* Utils.swift in Sources */ = {isa = PBXBuildFile; fileRef = 1707AC14299E6613001FD081 /* Utils.swift */; };
		172F757C299E19AD007B74C2 /* AppDelegate.swift in Sources */ = {isa = PBXBuildFile; fileRef = 172F757B299E19AD007B74C2 /* AppDelegate.swift */; };
		172F757E299E19AD007B74C2 /* SceneDelegate.swift in Sources */ = {isa = PBXBuildFile; fileRef = 172F757D299E19AD007B74C2 /* SceneDelegate.swift */; };
		172F7586299E19AD007B74C2 /* FastLaneSubject.xcdatamodeld in Sources */ = {isa = PBXBuildFile; fileRef = 172F7584299E19AD007B74C2 /* FastLaneSubject.xcdatamodeld */; };
		172F7588299E19AE007B74C2 /* Assets.xcassets in Resources */ = {isa = PBXBuildFile; fileRef = 172F7587299E19AE007B74C2 /* Assets.xcassets */; };
		172F758B299E19AE007B74C2 /* LaunchScreen.storyboard in Resources */ = {isa = PBXBuildFile; fileRef = 172F7589299E19AE007B74C2 /* LaunchScreen.storyboard */; };
		172F7596299E19AE007B74C2 /* FastLaneSubjectTests.swift in Sources */ = {isa = PBXBuildFile; fileRef = 172F7595299E19AE007B74C2 /* FastLaneSubjectTests.swift */; };
		172F75A0299E19AE007B74C2 /* FastLaneSubjectUITests.swift in Sources */ = {isa = PBXBuildFile; fileRef = 172F759F299E19AE007B74C2 /* FastLaneSubjectUITests.swift */; };
		172F75A2299E19AE007B74C2 /* FastLaneSubjectUITestsLaunchTests.swift in Sources */ = {isa = PBXBuildFile; fileRef = 172F75A1299E19AE007B74C2 /* FastLaneSubjectUITestsLaunchTests.swift */; };
		175F9A27299E207B00D6870A /* MainViewController.swift in Sources */ = {isa = PBXBuildFile; fileRef = 175F9A26299E207B00D6870A /* MainViewController.swift */; };
		175F9A45299E2D9200D6870A /* VideoCollectionViewCell.swift in Sources */ = {isa = PBXBuildFile; fileRef = 175F9A43299E2D9200D6870A /* VideoCollectionViewCell.swift */; };
		175F9A46299E2D9200D6870A /* VideoCollectionViewCell.xib in Resources */ = {isa = PBXBuildFile; fileRef = 175F9A44299E2D9200D6870A /* VideoCollectionViewCell.xib */; };
		175F9A51299E46E300D6870A /* EventListTableViewCell.swift in Sources */ = {isa = PBXBuildFile; fileRef = 175F9A4F299E46E300D6870A /* EventListTableViewCell.swift */; };
		175F9A52299E46E300D6870A /* EventListTableViewCell.xib in Resources */ = {isa = PBXBuildFile; fileRef = 175F9A50299E46E300D6870A /* EventListTableViewCell.xib */; };
		175F9A55299E46FA00D6870A /* EventTableViewCell.swift in Sources */ = {isa = PBXBuildFile; fileRef = 175F9A53299E46FA00D6870A /* EventTableViewCell.swift */; };
		175F9A56299E46FA00D6870A /* EventTableViewCell.xib in Resources */ = {isa = PBXBuildFile; fileRef = 175F9A54299E46FA00D6870A /* EventTableViewCell.xib */; };
		37C007A3F0A52DA8A35EB582 /* Pods_FastLaneSubjectTests.framework in Frameworks */ = {isa = PBXBuildFile; fileRef = 4C668755E21D3EBDE712176E /* Pods_FastLaneSubjectTests.framework */; };
		56496108C51B9724C54B737C /* Pods_FastLaneSubject.framework in Frameworks */ = {isa = PBXBuildFile; fileRef = A33395C48B65447FCA2A35FE /* Pods_FastLaneSubject.framework */; };
		75EA3002EA84FBB203C2659E /* Pods_FastLaneSubject_FastLaneSubjectUITests.framework in Frameworks */ = {isa = PBXBuildFile; fileRef = D46757A466D53B299BD521E5 /* Pods_FastLaneSubject_FastLaneSubjectUITests.framework */; };
/* End PBXBuildFile section */

/* Begin PBXContainerItemProxy section */
		172F7592299E19AE007B74C2 /* PBXContainerItemProxy */ = {
			isa = PBXContainerItemProxy;
			containerPortal = 172F7570299E19AD007B74C2 /* Project object */;
			proxyType = 1;
			remoteGlobalIDString = 172F7577299E19AD007B74C2;
			remoteInfo = FastLaneSubject;
		};
		172F759C299E19AE007B74C2 /* PBXContainerItemProxy */ = {
			isa = PBXContainerItemProxy;
			containerPortal = 172F7570299E19AD007B74C2 /* Project object */;
			proxyType = 1;
			remoteGlobalIDString = 172F7577299E19AD007B74C2;
			remoteInfo = FastLaneSubject;
		};
/* End PBXContainerItemProxy section */

/* Begin PBXFileReference section */
		1707AC0D299E4BA5001FD081 /* PopularVideoListTableViewCell.swift */ = {isa = PBXFileReference; lastKnownFileType = sourcecode.swift; path = PopularVideoListTableViewCell.swift; sourceTree = "<group>"; };
		1707AC0E299E4BA5001FD081 /* PopularVideoListTableViewCell.xib */ = {isa = PBXFileReference; lastKnownFileType = file.xib; path = PopularVideoListTableViewCell.xib; sourceTree = "<group>"; };
		1707AC14299E6613001FD081 /* Utils.swift */ = {isa = PBXFileReference; lastKnownFileType = sourcecode.swift; path = Utils.swift; sourceTree = "<group>"; };
		172F7578299E19AD007B74C2 /* FastLaneSubject.app */ = {isa = PBXFileReference; explicitFileType = wrapper.application; includeInIndex = 0; path = FastLaneSubject.app; sourceTree = BUILT_PRODUCTS_DIR; };
		172F757B299E19AD007B74C2 /* AppDelegate.swift */ = {isa = PBXFileReference; lastKnownFileType = sourcecode.swift; path = AppDelegate.swift; sourceTree = "<group>"; };
		172F757D299E19AD007B74C2 /* SceneDelegate.swift */ = {isa = PBXFileReference; lastKnownFileType = sourcecode.swift; path = SceneDelegate.swift; sourceTree = "<group>"; };
		172F7585299E19AD007B74C2 /* FastLaneSubject.xcdatamodel */ = {isa = PBXFileReference; lastKnownFileType = wrapper.xcdatamodel; path = FastLaneSubject.xcdatamodel; sourceTree = "<group>"; };
		172F7587299E19AE007B74C2 /* Assets.xcassets */ = {isa = PBXFileReference; lastKnownFileType = folder.assetcatalog; path = Assets.xcassets; sourceTree = "<group>"; };
		172F758A299E19AE007B74C2 /* Base */ = {isa = PBXFileReference; lastKnownFileType = file.storyboard; name = Base; path = Base.lproj/LaunchScreen.storyboard; sourceTree = "<group>"; };
		172F758C299E19AE007B74C2 /* Info.plist */ = {isa = PBXFileReference; lastKnownFileType = text.plist.xml; path = Info.plist; sourceTree = "<group>"; };
		172F7591299E19AE007B74C2 /* FastLaneSubjectTests.xctest */ = {isa = PBXFileReference; explicitFileType = wrapper.cfbundle; includeInIndex = 0; path = FastLaneSubjectTests.xctest; sourceTree = BUILT_PRODUCTS_DIR; };
		172F7595299E19AE007B74C2 /* FastLaneSubjectTests.swift */ = {isa = PBXFileReference; lastKnownFileType = sourcecode.swift; path = FastLaneSubjectTests.swift; sourceTree = "<group>"; };
		172F759B299E19AE007B74C2 /* FastLaneSubjectUITests.xctest */ = {isa = PBXFileReference; explicitFileType = wrapper.cfbundle; includeInIndex = 0; path = FastLaneSubjectUITests.xctest; sourceTree = BUILT_PRODUCTS_DIR; };
		172F759F299E19AE007B74C2 /* FastLaneSubjectUITests.swift */ = {isa = PBXFileReference; lastKnownFileType = sourcecode.swift; path = FastLaneSubjectUITests.swift; sourceTree = "<group>"; };
		172F75A1299E19AE007B74C2 /* FastLaneSubjectUITestsLaunchTests.swift */ = {isa = PBXFileReference; lastKnownFileType = sourcecode.swift; path = FastLaneSubjectUITestsLaunchTests.swift; sourceTree = "<group>"; };
		175F9A26299E207B00D6870A /* MainViewController.swift */ = {isa = PBXFileReference; lastKnownFileType = sourcecode.swift; path = MainViewController.swift; sourceTree = "<group>"; };
		175F9A43299E2D9200D6870A /* VideoCollectionViewCell.swift */ = {isa = PBXFileReference; lastKnownFileType = sourcecode.swift; path = VideoCollectionViewCell.swift; sourceTree = "<group>"; };
		175F9A44299E2D9200D6870A /* VideoCollectionViewCell.xib */ = {isa = PBXFileReference; lastKnownFileType = file.xib; path = VideoCollectionViewCell.xib; sourceTree = "<group>"; };
		175F9A4F299E46E300D6870A /* EventListTableViewCell.swift */ = {isa = PBXFileReference; lastKnownFileType = sourcecode.swift; path = EventListTableViewCell.swift; sourceTree = "<group>"; };
		175F9A50299E46E300D6870A /* EventListTableViewCell.xib */ = {isa = PBXFileReference; lastKnownFileType = file.xib; path = EventListTableViewCell.xib; sourceTree = "<group>"; };
		175F9A53299E46FA00D6870A /* EventTableViewCell.swift */ = {isa = PBXFileReference; lastKnownFileType = sourcecode.swift; path = EventTableViewCell.swift; sourceTree = "<group>"; };
		175F9A54299E46FA00D6870A /* EventTableViewCell.xib */ = {isa = PBXFileReference; lastKnownFileType = file.xib; path = EventTableViewCell.xib; sourceTree = "<group>"; };
		4B5C229CC4D0695F3123B24C /* Pods-FastLaneSubject-FastLaneSubjectUITests.release.xcconfig */ = {isa = PBXFileReference; includeInIndex = 1; lastKnownFileType = text.xcconfig; name = "Pods-FastLaneSubject-FastLaneSubjectUITests.release.xcconfig"; path = "Target Support Files/Pods-FastLaneSubject-FastLaneSubjectUITests/Pods-FastLaneSubject-FastLaneSubjectUITests.release.xcconfig"; sourceTree = "<group>"; };
		4C668755E21D3EBDE712176E /* Pods_FastLaneSubjectTests.framework */ = {isa = PBXFileReference; explicitFileType = wrapper.framework; includeInIndex = 0; path = Pods_FastLaneSubjectTests.framework; sourceTree = BUILT_PRODUCTS_DIR; };
		714F3EBC8A757CD88FE42D07 /* Pods-FastLaneSubject-FastLaneSubjectUITests.debug.xcconfig */ = {isa = PBXFileReference; includeInIndex = 1; lastKnownFileType = text.xcconfig; name = "Pods-FastLaneSubject-FastLaneSubjectUITests.debug.xcconfig"; path = "Target Support Files/Pods-FastLaneSubject-FastLaneSubjectUITests/Pods-FastLaneSubject-FastLaneSubjectUITests.debug.xcconfig"; sourceTree = "<group>"; };
		8FF737D96511FDB8149109CD /* Pods-FastLaneSubject.debug.xcconfig */ = {isa = PBXFileReference; includeInIndex = 1; lastKnownFileType = text.xcconfig; name = "Pods-FastLaneSubject.debug.xcconfig"; path = "Target Support Files/Pods-FastLaneSubject/Pods-FastLaneSubject.debug.xcconfig"; sourceTree = "<group>"; };
		A33395C48B65447FCA2A35FE /* Pods_FastLaneSubject.framework */ = {isa = PBXFileReference; explicitFileType = wrapper.framework; includeInIndex = 0; path = Pods_FastLaneSubject.framework; sourceTree = BUILT_PRODUCTS_DIR; };
		C01AA7230AC11121246C889A /* Pods-FastLaneSubject.release.xcconfig */ = {isa = PBXFileReference; includeInIndex = 1; lastKnownFileType = text.xcconfig; name = "Pods-FastLaneSubject.release.xcconfig"; path = "Target Support Files/Pods-FastLaneSubject/Pods-FastLaneSubject.release.xcconfig"; sourceTree = "<group>"; };
		D46757A466D53B299BD521E5 /* Pods_FastLaneSubject_FastLaneSubjectUITests.framework */ = {isa = PBXFileReference; explicitFileType = wrapper.framework; includeInIndex = 0; path = Pods_FastLaneSubject_FastLaneSubjectUITests.framework; sourceTree = BUILT_PRODUCTS_DIR; };
		E0C2C7BFA3A962F0D238E386 /* Pods-FastLaneSubjectTests.debug.xcconfig */ = {isa = PBXFileReference; includeInIndex = 1; lastKnownFileType = text.xcconfig; name = "Pods-FastLaneSubjectTests.debug.xcconfig"; path = "Target Support Files/Pods-FastLaneSubjectTests/Pods-FastLaneSubjectTests.debug.xcconfig"; sourceTree = "<group>"; };
		F5529441271CF7816245B32C /* Pods-FastLaneSubjectTests.release.xcconfig */ = {isa = PBXFileReference; includeInIndex = 1; lastKnownFileType = text.xcconfig; name = "Pods-FastLaneSubjectTests.release.xcconfig"; path = "Target Support Files/Pods-FastLaneSubjectTests/Pods-FastLaneSubjectTests.release.xcconfig"; sourceTree = "<group>"; };
/* End PBXFileReference section */

/* Begin PBXFrameworksBuildPhase section */
		172F7575299E19AD007B74C2 /* Frameworks */ = {
			isa = PBXFrameworksBuildPhase;
			buildActionMask = 2147483647;
			files = (
				56496108C51B9724C54B737C /* Pods_FastLaneSubject.framework in Frameworks */,
			);
			runOnlyForDeploymentPostprocessing = 0;
		};
		172F758E299E19AE007B74C2 /* Frameworks */ = {
			isa = PBXFrameworksBuildPhase;
			buildActionMask = 2147483647;
			files = (
				37C007A3F0A52DA8A35EB582 /* Pods_FastLaneSubjectTests.framework in Frameworks */,
			);
			runOnlyForDeploymentPostprocessing = 0;
		};
		172F7598299E19AE007B74C2 /* Frameworks */ = {
			isa = PBXFrameworksBuildPhase;
			buildActionMask = 2147483647;
			files = (
				75EA3002EA84FBB203C2659E /* Pods_FastLaneSubject_FastLaneSubjectUITests.framework in Frameworks */,
			);
			runOnlyForDeploymentPostprocessing = 0;
		};
/* End PBXFrameworksBuildPhase section */

/* Begin PBXGroup section */
		1707AC11299E65A3001FD081 /* Utils */ = {
			isa = PBXGroup;
			children = (
				1707AC14299E6613001FD081 /* Utils.swift */,
			);
			path = Utils;
			sourceTree = "<group>";
		};
		172F756F299E19AD007B74C2 = {
			isa = PBXGroup;
			children = (
				172F757A299E19AD007B74C2 /* FastLaneSubject */,
				172F7594299E19AE007B74C2 /* FastLaneSubjectTests */,
				172F759E299E19AE007B74C2 /* FastLaneSubjectUITests */,
				172F7579299E19AD007B74C2 /* Products */,
				8B8565B15C557C19CD979188 /* Pods */,
				602657CD2158A48F90BAAE8A /* Frameworks */,
			);
			sourceTree = "<group>";
		};
		172F7579299E19AD007B74C2 /* Products */ = {
			isa = PBXGroup;
			children = (
				172F7578299E19AD007B74C2 /* FastLaneSubject.app */,
				172F7591299E19AE007B74C2 /* FastLaneSubjectTests.xctest */,
				172F759B299E19AE007B74C2 /* FastLaneSubjectUITests.xctest */,
			);
			name = Products;
			sourceTree = "<group>";
		};
		172F757A299E19AD007B74C2 /* FastLaneSubject */ = {
			isa = PBXGroup;
			children = (
				175F9A23299E203400D6870A /* App */,
				175F9A28299E20DF00D6870A /* Model */,
				175F9A29299E210400D6870A /* Repository */,
				175F9A2A299E211600D6870A /* Domain */,
				175F9A2B299E211C00D6870A /* ViewModel */,
				175F9A25299E206300D6870A /* View */,
				1707AC11299E65A3001FD081 /* Utils */,
				172F758C299E19AE007B74C2 /* Info.plist */,
				172F7584299E19AD007B74C2 /* FastLaneSubject.xcdatamodeld */,
			);
			path = FastLaneSubject;
			sourceTree = "<group>";
		};
		172F7594299E19AE007B74C2 /* FastLaneSubjectTests */ = {
			isa = PBXGroup;
			children = (
				172F7595299E19AE007B74C2 /* FastLaneSubjectTests.swift */,
			);
			path = FastLaneSubjectTests;
			sourceTree = "<group>";
		};
		172F759E299E19AE007B74C2 /* FastLaneSubjectUITests */ = {
			isa = PBXGroup;
			children = (
				172F759F299E19AE007B74C2 /* FastLaneSubjectUITests.swift */,
				172F75A1299E19AE007B74C2 /* FastLaneSubjectUITestsLaunchTests.swift */,
			);
			path = FastLaneSubjectUITests;
			sourceTree = "<group>";
		};
		175F9A23299E203400D6870A /* App */ = {
			isa = PBXGroup;
			children = (
				175F9A24299E204600D6870A /* Asset */,
				172F757B299E19AD007B74C2 /* AppDelegate.swift */,
				172F757D299E19AD007B74C2 /* SceneDelegate.swift */,
				172F7589299E19AE007B74C2 /* LaunchScreen.storyboard */,
			);
			path = App;
			sourceTree = "<group>";
		};
		175F9A24299E204600D6870A /* Asset */ = {
			isa = PBXGroup;
			children = (
				172F7587299E19AE007B74C2 /* Assets.xcassets */,
			);
			path = Asset;
			sourceTree = "<group>";
		};
		175F9A25299E206300D6870A /* View */ = {
			isa = PBXGroup;
			children = (
				175F9A2C299E255000D6870A /* Cell */,
				175F9A26299E207B00D6870A /* MainViewController.swift */,
			);
			path = View;
			sourceTree = "<group>";
		};
		175F9A28299E20DF00D6870A /* Model */ = {
			isa = PBXGroup;
			children = (
			);
			path = Model;
			sourceTree = "<group>";
		};
		175F9A29299E210400D6870A /* Repository */ = {
			isa = PBXGroup;
			children = (
			);
			path = Repository;
			sourceTree = "<group>";
		};
		175F9A2A299E211600D6870A /* Domain */ = {
			isa = PBXGroup;
			children = (
			);
			path = Domain;
			sourceTree = "<group>";
		};
		175F9A2B299E211C00D6870A /* ViewModel */ = {
			isa = PBXGroup;
			children = (
			);
			path = ViewModel;
			sourceTree = "<group>";
		};
		175F9A2C299E255000D6870A /* Cell */ = {
			isa = PBXGroup;
			children = (
				175F9A41299E2D3A00D6870A /* VideoCell */,
				175F9A42299E2D4300D6870A /* EventCell */,
			);
			path = Cell;
			sourceTree = "<group>";
		};
		175F9A41299E2D3A00D6870A /* VideoCell */ = {
			isa = PBXGroup;
			children = (
				1707AC0D299E4BA5001FD081 /* PopularVideoListTableViewCell.swift */,
				1707AC0E299E4BA5001FD081 /* PopularVideoListTableViewCell.xib */,
				175F9A43299E2D9200D6870A /* VideoCollectionViewCell.swift */,
				175F9A44299E2D9200D6870A /* VideoCollectionViewCell.xib */,
			);
			path = VideoCell;
			sourceTree = "<group>";
		};
		175F9A42299E2D4300D6870A /* EventCell */ = {
			isa = PBXGroup;
			children = (
				175F9A4F299E46E300D6870A /* EventListTableViewCell.swift */,
				175F9A50299E46E300D6870A /* EventListTableViewCell.xib */,
				175F9A53299E46FA00D6870A /* EventTableViewCell.swift */,
				175F9A54299E46FA00D6870A /* EventTableViewCell.xib */,
			);
			path = EventCell;
			sourceTree = "<group>";
		};
		602657CD2158A48F90BAAE8A /* Frameworks */ = {
			isa = PBXGroup;
			children = (
				A33395C48B65447FCA2A35FE /* Pods_FastLaneSubject.framework */,
				D46757A466D53B299BD521E5 /* Pods_FastLaneSubject_FastLaneSubjectUITests.framework */,
				4C668755E21D3EBDE712176E /* Pods_FastLaneSubjectTests.framework */,
			);
			name = Frameworks;
			sourceTree = "<group>";
		};
		8B8565B15C557C19CD979188 /* Pods */ = {
			isa = PBXGroup;
			children = (
				8FF737D96511FDB8149109CD /* Pods-FastLaneSubject.debug.xcconfig */,
				C01AA7230AC11121246C889A /* Pods-FastLaneSubject.release.xcconfig */,
				714F3EBC8A757CD88FE42D07 /* Pods-FastLaneSubject-FastLaneSubjectUITests.debug.xcconfig */,
				4B5C229CC4D0695F3123B24C /* Pods-FastLaneSubject-FastLaneSubjectUITests.release.xcconfig */,
				E0C2C7BFA3A962F0D238E386 /* Pods-FastLaneSubjectTests.debug.xcconfig */,
				F5529441271CF7816245B32C /* Pods-FastLaneSubjectTests.release.xcconfig */,
			);
			path = Pods;
			sourceTree = "<group>";
		};
/* End PBXGroup section */

/* Begin PBXNativeTarget section */
		172F7577299E19AD007B74C2 /* FastLaneSubject */ = {
			isa = PBXNativeTarget;
			buildConfigurationList = 172F75A5299E19AE007B74C2 /* Build configuration list for PBXNativeTarget "FastLaneSubject" */;
			buildPhases = (
				9F496C0838D1BE2710685A7C /* [CP] Check Pods Manifest.lock */,
				172F7574299E19AD007B74C2 /* Sources */,
				172F7575299E19AD007B74C2 /* Frameworks */,
				172F7576299E19AD007B74C2 /* Resources */,
				673BFDA4BA3B7F46F7C29345 /* [CP] Embed Pods Frameworks */,
			);
			buildRules = (
			);
			dependencies = (
			);
			name = FastLaneSubject;
			productName = FastLaneSubject;
			productReference = 172F7578299E19AD007B74C2 /* FastLaneSubject.app */;
			productType = "com.apple.product-type.application";
		};
		172F7590299E19AE007B74C2 /* FastLaneSubjectTests */ = {
			isa = PBXNativeTarget;
			buildConfigurationList = 172F75A8299E19AE007B74C2 /* Build configuration list for PBXNativeTarget "FastLaneSubjectTests" */;
			buildPhases = (
				898764159C3E9A6D930E6A14 /* [CP] Check Pods Manifest.lock */,
				172F758D299E19AE007B74C2 /* Sources */,
				172F758E299E19AE007B74C2 /* Frameworks */,
				172F758F299E19AE007B74C2 /* Resources */,
			);
			buildRules = (
			);
			dependencies = (
				172F7593299E19AE007B74C2 /* PBXTargetDependency */,
			);
			name = FastLaneSubjectTests;
			productName = FastLaneSubjectTests;
			productReference = 172F7591299E19AE007B74C2 /* FastLaneSubjectTests.xctest */;
			productType = "com.apple.product-type.bundle.unit-test";
		};
		172F759A299E19AE007B74C2 /* FastLaneSubjectUITests */ = {
			isa = PBXNativeTarget;
			buildConfigurationList = 172F75AB299E19AE007B74C2 /* Build configuration list for PBXNativeTarget "FastLaneSubjectUITests" */;
			buildPhases = (
				0951F7E780E3523FB920C102 /* [CP] Check Pods Manifest.lock */,
				172F7597299E19AE007B74C2 /* Sources */,
				172F7598299E19AE007B74C2 /* Frameworks */,
				172F7599299E19AE007B74C2 /* Resources */,
				764D0B4F4E7BA8FE80F03DA1 /* [CP] Embed Pods Frameworks */,
			);
			buildRules = (
			);
			dependencies = (
				172F759D299E19AE007B74C2 /* PBXTargetDependency */,
			);
			name = FastLaneSubjectUITests;
			productName = FastLaneSubjectUITests;
			productReference = 172F759B299E19AE007B74C2 /* FastLaneSubjectUITests.xctest */;
			productType = "com.apple.product-type.bundle.ui-testing";
		};
/* End PBXNativeTarget section */

/* Begin PBXProject section */
		172F7570299E19AD007B74C2 /* Project object */ = {
			isa = PBXProject;
			attributes = {
				BuildIndependentTargetsInParallel = 1;
				LastSwiftUpdateCheck = 1420;
				LastUpgradeCheck = 1420;
				TargetAttributes = {
					172F7577299E19AD007B74C2 = {
						CreatedOnToolsVersion = 14.2;
					};
					172F7590299E19AE007B74C2 = {
						CreatedOnToolsVersion = 14.2;
						TestTargetID = 172F7577299E19AD007B74C2;
					};
					172F759A299E19AE007B74C2 = {
						CreatedOnToolsVersion = 14.2;
						TestTargetID = 172F7577299E19AD007B74C2;
					};
				};
			};
			buildConfigurationList = 172F7573299E19AD007B74C2 /* Build configuration list for PBXProject "FastLaneSubject" */;
			compatibilityVersion = "Xcode 14.0";
			developmentRegion = en;
			hasScannedForEncodings = 0;
			knownRegions = (
				en,
				Base,
			);
			mainGroup = 172F756F299E19AD007B74C2;
			productRefGroup = 172F7579299E19AD007B74C2 /* Products */;
			projectDirPath = "";
			projectRoot = "";
			targets = (
				172F7577299E19AD007B74C2 /* FastLaneSubject */,
				172F7590299E19AE007B74C2 /* FastLaneSubjectTests */,
				172F759A299E19AE007B74C2 /* FastLaneSubjectUITests */,
			);
		};
/* End PBXProject section */

/* Begin PBXResourcesBuildPhase section */
		172F7576299E19AD007B74C2 /* Resources */ = {
			isa = PBXResourcesBuildPhase;
			buildActionMask = 2147483647;
			files = (
				175F9A56299E46FA00D6870A /* EventTableViewCell.xib in Resources */,
				175F9A46299E2D9200D6870A /* VideoCollectionViewCell.xib in Resources */,
				172F758B299E19AE007B74C2 /* LaunchScreen.storyboard in Resources */,
				1707AC10299E4BA5001FD081 /* PopularVideoListTableViewCell.xib in Resources */,
				172F7588299E19AE007B74C2 /* Assets.xcassets in Resources */,
				175F9A52299E46E300D6870A /* EventListTableViewCell.xib in Resources */,
			);
			runOnlyForDeploymentPostprocessing = 0;
		};
		172F758F299E19AE007B74C2 /* Resources */ = {
			isa = PBXResourcesBuildPhase;
			buildActionMask = 2147483647;
			files = (
			);
			runOnlyForDeploymentPostprocessing = 0;
		};
		172F7599299E19AE007B74C2 /* Resources */ = {
			isa = PBXResourcesBuildPhase;
			buildActionMask = 2147483647;
			files = (
			);
			runOnlyForDeploymentPostprocessing = 0;
		};
/* End PBXResourcesBuildPhase section */

/* Begin PBXShellScriptBuildPhase section */
		0951F7E780E3523FB920C102 /* [CP] Check Pods Manifest.lock */ = {
			isa = PBXShellScriptBuildPhase;
			buildActionMask = 2147483647;
			files = (
			);
			inputFileListPaths = (
			);
			inputPaths = (
				"${PODS_PODFILE_DIR_PATH}/Podfile.lock",
				"${PODS_ROOT}/Manifest.lock",
			);
			name = "[CP] Check Pods Manifest.lock";
			outputFileListPaths = (
			);
			outputPaths = (
				"$(DERIVED_FILE_DIR)/Pods-FastLaneSubject-FastLaneSubjectUITests-checkManifestLockResult.txt",
			);
			runOnlyForDeploymentPostprocessing = 0;
			shellPath = /bin/sh;
			shellScript = "diff \"${PODS_PODFILE_DIR_PATH}/Podfile.lock\" \"${PODS_ROOT}/Manifest.lock\" > /dev/null\nif [ $? != 0 ] ; then\n    # print error to STDERR\n    echo \"error: The sandbox is not in sync with the Podfile.lock. Run 'pod install' or update your CocoaPods installation.\" >&2\n    exit 1\nfi\n# This output is used by Xcode 'outputs' to avoid re-running this script phase.\necho \"SUCCESS\" > \"${SCRIPT_OUTPUT_FILE_0}\"\n";
			showEnvVarsInLog = 0;
		};
		673BFDA4BA3B7F46F7C29345 /* [CP] Embed Pods Frameworks */ = {
			isa = PBXShellScriptBuildPhase;
			buildActionMask = 2147483647;
			files = (
			);
			inputFileListPaths = (
				"${PODS_ROOT}/Target Support Files/Pods-FastLaneSubject/Pods-FastLaneSubject-frameworks-${CONFIGURATION}-input-files.xcfilelist",
			);
			name = "[CP] Embed Pods Frameworks";
			outputFileListPaths = (
				"${PODS_ROOT}/Target Support Files/Pods-FastLaneSubject/Pods-FastLaneSubject-frameworks-${CONFIGURATION}-output-files.xcfilelist",
			);
			runOnlyForDeploymentPostprocessing = 0;
			shellPath = /bin/sh;
			shellScript = "\"${PODS_ROOT}/Target Support Files/Pods-FastLaneSubject/Pods-FastLaneSubject-frameworks.sh\"\n";
			showEnvVarsInLog = 0;
		};
		764D0B4F4E7BA8FE80F03DA1 /* [CP] Embed Pods Frameworks */ = {
			isa = PBXShellScriptBuildPhase;
			buildActionMask = 2147483647;
			files = (
			);
			inputFileListPaths = (
				"${PODS_ROOT}/Target Support Files/Pods-FastLaneSubject-FastLaneSubjectUITests/Pods-FastLaneSubject-FastLaneSubjectUITests-frameworks-${CONFIGURATION}-input-files.xcfilelist",
			);
			name = "[CP] Embed Pods Frameworks";
			outputFileListPaths = (
				"${PODS_ROOT}/Target Support Files/Pods-FastLaneSubject-FastLaneSubjectUITests/Pods-FastLaneSubject-FastLaneSubjectUITests-frameworks-${CONFIGURATION}-output-files.xcfilelist",
			);
			runOnlyForDeploymentPostprocessing = 0;
			shellPath = /bin/sh;
			shellScript = "\"${PODS_ROOT}/Target Support Files/Pods-FastLaneSubject-FastLaneSubjectUITests/Pods-FastLaneSubject-FastLaneSubjectUITests-frameworks.sh\"\n";
			showEnvVarsInLog = 0;
		};
		898764159C3E9A6D930E6A14 /* [CP] Check Pods Manifest.lock */ = {
			isa = PBXShellScriptBuildPhase;
			buildActionMask = 2147483647;
			files = (
			);
			inputFileListPaths = (
			);
			inputPaths = (
				"${PODS_PODFILE_DIR_PATH}/Podfile.lock",
				"${PODS_ROOT}/Manifest.lock",
			);
			name = "[CP] Check Pods Manifest.lock";
			outputFileListPaths = (
			);
			outputPaths = (
				"$(DERIVED_FILE_DIR)/Pods-FastLaneSubjectTests-checkManifestLockResult.txt",
			);
			runOnlyForDeploymentPostprocessing = 0;
			shellPath = /bin/sh;
			shellScript = "diff \"${PODS_PODFILE_DIR_PATH}/Podfile.lock\" \"${PODS_ROOT}/Manifest.lock\" > /dev/null\nif [ $? != 0 ] ; then\n    # print error to STDERR\n    echo \"error: The sandbox is not in sync with the Podfile.lock. Run 'pod install' or update your CocoaPods installation.\" >&2\n    exit 1\nfi\n# This output is used by Xcode 'outputs' to avoid re-running this script phase.\necho \"SUCCESS\" > \"${SCRIPT_OUTPUT_FILE_0}\"\n";
			showEnvVarsInLog = 0;
		};
		9F496C0838D1BE2710685A7C /* [CP] Check Pods Manifest.lock */ = {
			isa = PBXShellScriptBuildPhase;
			buildActionMask = 2147483647;
			files = (
			);
			inputFileListPaths = (
			);
			inputPaths = (
				"${PODS_PODFILE_DIR_PATH}/Podfile.lock",
				"${PODS_ROOT}/Manifest.lock",
			);
			name = "[CP] Check Pods Manifest.lock";
			outputFileListPaths = (
			);
			outputPaths = (
				"$(DERIVED_FILE_DIR)/Pods-FastLaneSubject-checkManifestLockResult.txt",
			);
			runOnlyForDeploymentPostprocessing = 0;
			shellPath = /bin/sh;
			shellScript = "diff \"${PODS_PODFILE_DIR_PATH}/Podfile.lock\" \"${PODS_ROOT}/Manifest.lock\" > /dev/null\nif [ $? != 0 ] ; then\n    # print error to STDERR\n    echo \"error: The sandbox is not in sync with the Podfile.lock. Run 'pod install' or update your CocoaPods installation.\" >&2\n    exit 1\nfi\n# This output is used by Xcode 'outputs' to avoid re-running this script phase.\necho \"SUCCESS\" > \"${SCRIPT_OUTPUT_FILE_0}\"\n";
			showEnvVarsInLog = 0;
		};
/* End PBXShellScriptBuildPhase section */

/* Begin PBXSourcesBuildPhase section */
		172F7574299E19AD007B74C2 /* Sources */ = {
			isa = PBXSourcesBuildPhase;
			buildActionMask = 2147483647;
			files = (
				175F9A55299E46FA00D6870A /* EventTableViewCell.swift in Sources */,
				172F757C299E19AD007B74C2 /* AppDelegate.swift in Sources */,
				1707AC15299E6613001FD081 /* Utils.swift in Sources */,
				172F7586299E19AD007B74C2 /* FastLaneSubject.xcdatamodeld in Sources */,
				175F9A51299E46E300D6870A /* EventListTableViewCell.swift in Sources */,
				172F757E299E19AD007B74C2 /* SceneDelegate.swift in Sources */,
				175F9A27299E207B00D6870A /* MainViewController.swift in Sources */,
				175F9A45299E2D9200D6870A /* VideoCollectionViewCell.swift in Sources */,
				1707AC0F299E4BA5001FD081 /* PopularVideoListTableViewCell.swift in Sources */,
			);
			runOnlyForDeploymentPostprocessing = 0;
		};
		172F758D299E19AE007B74C2 /* Sources */ = {
			isa = PBXSourcesBuildPhase;
			buildActionMask = 2147483647;
			files = (
				172F7596299E19AE007B74C2 /* FastLaneSubjectTests.swift in Sources */,
			);
			runOnlyForDeploymentPostprocessing = 0;
		};
		172F7597299E19AE007B74C2 /* Sources */ = {
			isa = PBXSourcesBuildPhase;
			buildActionMask = 2147483647;
			files = (
				172F75A0299E19AE007B74C2 /* FastLaneSubjectUITests.swift in Sources */,
				172F75A2299E19AE007B74C2 /* FastLaneSubjectUITestsLaunchTests.swift in Sources */,
			);
			runOnlyForDeploymentPostprocessing = 0;
		};
/* End PBXSourcesBuildPhase section */

/* Begin PBXTargetDependency section */
		172F7593299E19AE007B74C2 /* PBXTargetDependency */ = {
			isa = PBXTargetDependency;
			target = 172F7577299E19AD007B74C2 /* FastLaneSubject */;
			targetProxy = 172F7592299E19AE007B74C2 /* PBXContainerItemProxy */;
		};
		172F759D299E19AE007B74C2 /* PBXTargetDependency */ = {
			isa = PBXTargetDependency;
			target = 172F7577299E19AD007B74C2 /* FastLaneSubject */;
			targetProxy = 172F759C299E19AE007B74C2 /* PBXContainerItemProxy */;
		};
/* End PBXTargetDependency section */

/* Begin PBXVariantGroup section */
		172F7589299E19AE007B74C2 /* LaunchScreen.storyboard */ = {
			isa = PBXVariantGroup;
			children = (
				172F758A299E19AE007B74C2 /* Base */,
			);
			name = LaunchScreen.storyboard;
			sourceTree = "<group>";
		};
/* End PBXVariantGroup section */

/* Begin XCBuildConfiguration section */
		172F75A3299E19AE007B74C2 /* Debug */ = {
			isa = XCBuildConfiguration;
			buildSettings = {
				ALWAYS_SEARCH_USER_PATHS = NO;
				CLANG_ANALYZER_NONNULL = YES;
				CLANG_ANALYZER_NUMBER_OBJECT_CONVERSION = YES_AGGRESSIVE;
				CLANG_CXX_LANGUAGE_STANDARD = "gnu++20";
				CLANG_ENABLE_MODULES = YES;
				CLANG_ENABLE_OBJC_ARC = YES;
				CLANG_ENABLE_OBJC_WEAK = YES;
				CLANG_WARN_BLOCK_CAPTURE_AUTORELEASING = YES;
				CLANG_WARN_BOOL_CONVERSION = YES;
				CLANG_WARN_COMMA = YES;
				CLANG_WARN_CONSTANT_CONVERSION = YES;
				CLANG_WARN_DEPRECATED_OBJC_IMPLEMENTATIONS = YES;
				CLANG_WARN_DIRECT_OBJC_ISA_USAGE = YES_ERROR;
				CLANG_WARN_DOCUMENTATION_COMMENTS = YES;
				CLANG_WARN_EMPTY_BODY = YES;
				CLANG_WARN_ENUM_CONVERSION = YES;
				CLANG_WARN_INFINITE_RECURSION = YES;
				CLANG_WARN_INT_CONVERSION = YES;
				CLANG_WARN_NON_LITERAL_NULL_CONVERSION = YES;
				CLANG_WARN_OBJC_IMPLICIT_RETAIN_SELF = YES;
				CLANG_WARN_OBJC_LITERAL_CONVERSION = YES;
				CLANG_WARN_OBJC_ROOT_CLASS = YES_ERROR;
				CLANG_WARN_QUOTED_INCLUDE_IN_FRAMEWORK_HEADER = YES;
				CLANG_WARN_RANGE_LOOP_ANALYSIS = YES;
				CLANG_WARN_STRICT_PROTOTYPES = YES;
				CLANG_WARN_SUSPICIOUS_MOVE = YES;
				CLANG_WARN_UNGUARDED_AVAILABILITY = YES_AGGRESSIVE;
				CLANG_WARN_UNREACHABLE_CODE = YES;
				CLANG_WARN__DUPLICATE_METHOD_MATCH = YES;
				COPY_PHASE_STRIP = NO;
				DEBUG_INFORMATION_FORMAT = dwarf;
				ENABLE_STRICT_OBJC_MSGSEND = YES;
				ENABLE_TESTABILITY = YES;
				GCC_C_LANGUAGE_STANDARD = gnu11;
				GCC_DYNAMIC_NO_PIC = NO;
				GCC_NO_COMMON_BLOCKS = YES;
				GCC_OPTIMIZATION_LEVEL = 0;
				GCC_PREPROCESSOR_DEFINITIONS = (
					"DEBUG=1",
					"$(inherited)",
				);
				GCC_WARN_64_TO_32_BIT_CONVERSION = YES;
				GCC_WARN_ABOUT_RETURN_TYPE = YES_ERROR;
				GCC_WARN_UNDECLARED_SELECTOR = YES;
				GCC_WARN_UNINITIALIZED_AUTOS = YES_AGGRESSIVE;
				GCC_WARN_UNUSED_FUNCTION = YES;
				GCC_WARN_UNUSED_VARIABLE = YES;
				IPHONEOS_DEPLOYMENT_TARGET = 16.2;
				MTL_ENABLE_DEBUG_INFO = INCLUDE_SOURCE;
				MTL_FAST_MATH = YES;
				ONLY_ACTIVE_ARCH = YES;
				SDKROOT = iphoneos;
				SWIFT_ACTIVE_COMPILATION_CONDITIONS = DEBUG;
				SWIFT_OPTIMIZATION_LEVEL = "-Onone";
			};
			name = Debug;
		};
		172F75A4299E19AE007B74C2 /* Release */ = {
			isa = XCBuildConfiguration;
			buildSettings = {
				ALWAYS_SEARCH_USER_PATHS = NO;
				CLANG_ANALYZER_NONNULL = YES;
				CLANG_ANALYZER_NUMBER_OBJECT_CONVERSION = YES_AGGRESSIVE;
				CLANG_CXX_LANGUAGE_STANDARD = "gnu++20";
				CLANG_ENABLE_MODULES = YES;
				CLANG_ENABLE_OBJC_ARC = YES;
				CLANG_ENABLE_OBJC_WEAK = YES;
				CLANG_WARN_BLOCK_CAPTURE_AUTORELEASING = YES;
				CLANG_WARN_BOOL_CONVERSION = YES;
				CLANG_WARN_COMMA = YES;
				CLANG_WARN_CONSTANT_CONVERSION = YES;
				CLANG_WARN_DEPRECATED_OBJC_IMPLEMENTATIONS = YES;
				CLANG_WARN_DIRECT_OBJC_ISA_USAGE = YES_ERROR;
				CLANG_WARN_DOCUMENTATION_COMMENTS = YES;
				CLANG_WARN_EMPTY_BODY = YES;
				CLANG_WARN_ENUM_CONVERSION = YES;
				CLANG_WARN_INFINITE_RECURSION = YES;
				CLANG_WARN_INT_CONVERSION = YES;
				CLANG_WARN_NON_LITERAL_NULL_CONVERSION = YES;
				CLANG_WARN_OBJC_IMPLICIT_RETAIN_SELF = YES;
				CLANG_WARN_OBJC_LITERAL_CONVERSION = YES;
				CLANG_WARN_OBJC_ROOT_CLASS = YES_ERROR;
				CLANG_WARN_QUOTED_INCLUDE_IN_FRAMEWORK_HEADER = YES;
				CLANG_WARN_RANGE_LOOP_ANALYSIS = YES;
				CLANG_WARN_STRICT_PROTOTYPES = YES;
				CLANG_WARN_SUSPICIOUS_MOVE = YES;
				CLANG_WARN_UNGUARDED_AVAILABILITY = YES_AGGRESSIVE;
				CLANG_WARN_UNREACHABLE_CODE = YES;
				CLANG_WARN__DUPLICATE_METHOD_MATCH = YES;
				COPY_PHASE_STRIP = NO;
				DEBUG_INFORMATION_FORMAT = "dwarf-with-dsym";
				ENABLE_NS_ASSERTIONS = NO;
				ENABLE_STRICT_OBJC_MSGSEND = YES;
				GCC_C_LANGUAGE_STANDARD = gnu11;
				GCC_NO_COMMON_BLOCKS = YES;
				GCC_WARN_64_TO_32_BIT_CONVERSION = YES;
				GCC_WARN_ABOUT_RETURN_TYPE = YES_ERROR;
				GCC_WARN_UNDECLARED_SELECTOR = YES;
				GCC_WARN_UNINITIALIZED_AUTOS = YES_AGGRESSIVE;
				GCC_WARN_UNUSED_FUNCTION = YES;
				GCC_WARN_UNUSED_VARIABLE = YES;
				IPHONEOS_DEPLOYMENT_TARGET = 16.2;
				MTL_ENABLE_DEBUG_INFO = NO;
				MTL_FAST_MATH = YES;
				SDKROOT = iphoneos;
				SWIFT_COMPILATION_MODE = wholemodule;
				SWIFT_OPTIMIZATION_LEVEL = "-O";
				VALIDATE_PRODUCT = YES;
			};
			name = Release;
		};
		172F75A6299E19AE007B74C2 /* Debug */ = {
			isa = XCBuildConfiguration;
			baseConfigurationReference = 8FF737D96511FDB8149109CD /* Pods-FastLaneSubject.debug.xcconfig */;
			buildSettings = {
				ASSETCATALOG_COMPILER_APPICON_NAME = AppIcon;
				ASSETCATALOG_COMPILER_GLOBAL_ACCENT_COLOR_NAME = AccentColor;
				CODE_SIGN_STYLE = Automatic;
				CURRENT_PROJECT_VERSION = 1;
				DEVELOPMENT_TEAM = 4U53S827ZJ;
				GENERATE_INFOPLIST_FILE = YES;
				INFOPLIST_FILE = FastLaneSubject/Info.plist;
				INFOPLIST_KEY_UIApplicationSupportsIndirectInputEvents = YES;
				INFOPLIST_KEY_UILaunchStoryboardName = LaunchScreen;
				INFOPLIST_KEY_UISupportedInterfaceOrientations_iPad = "UIInterfaceOrientationPortrait UIInterfaceOrientationPortraitUpsideDown UIInterfaceOrientationLandscapeLeft UIInterfaceOrientationLandscapeRight";
				INFOPLIST_KEY_UISupportedInterfaceOrientations_iPhone = "UIInterfaceOrientationPortrait UIInterfaceOrientationLandscapeLeft UIInterfaceOrientationLandscapeRight";
				IPHONEOS_DEPLOYMENT_TARGET = 11.0;
				LD_RUNPATH_SEARCH_PATHS = (
					"$(inherited)",
					"@executable_path/Frameworks",
				);
				MARKETING_VERSION = 1.0;
				PRODUCT_BUNDLE_IDENTIFIER = Rooznn.FastLaneSubject;
				PRODUCT_NAME = "$(TARGET_NAME)";
				SWIFT_EMIT_LOC_STRINGS = YES;
				SWIFT_VERSION = 5.0;
				TARGETED_DEVICE_FAMILY = "1,2";
			};
			name = Debug;
		};
		172F75A7299E19AE007B74C2 /* Release */ = {
			isa = XCBuildConfiguration;
			baseConfigurationReference = C01AA7230AC11121246C889A /* Pods-FastLaneSubject.release.xcconfig */;
			buildSettings = {
				ASSETCATALOG_COMPILER_APPICON_NAME = AppIcon;
				ASSETCATALOG_COMPILER_GLOBAL_ACCENT_COLOR_NAME = AccentColor;
				CODE_SIGN_STYLE = Automatic;
				CURRENT_PROJECT_VERSION = 1;
				DEVELOPMENT_TEAM = 4U53S827ZJ;
				GENERATE_INFOPLIST_FILE = YES;
				INFOPLIST_FILE = FastLaneSubject/Info.plist;
				INFOPLIST_KEY_UIApplicationSupportsIndirectInputEvents = YES;
				INFOPLIST_KEY_UILaunchStoryboardName = LaunchScreen;
				INFOPLIST_KEY_UISupportedInterfaceOrientations_iPad = "UIInterfaceOrientationPortrait UIInterfaceOrientationPortraitUpsideDown UIInterfaceOrientationLandscapeLeft UIInterfaceOrientationLandscapeRight";
				INFOPLIST_KEY_UISupportedInterfaceOrientations_iPhone = "UIInterfaceOrientationPortrait UIInterfaceOrientationLandscapeLeft UIInterfaceOrientationLandscapeRight";
				IPHONEOS_DEPLOYMENT_TARGET = 11.0;
				LD_RUNPATH_SEARCH_PATHS = (
					"$(inherited)",
					"@executable_path/Frameworks",
				);
				MARKETING_VERSION = 1.0;
				PRODUCT_BUNDLE_IDENTIFIER = Rooznn.FastLaneSubject;
				PRODUCT_NAME = "$(TARGET_NAME)";
				SWIFT_EMIT_LOC_STRINGS = YES;
				SWIFT_VERSION = 5.0;
				TARGETED_DEVICE_FAMILY = "1,2";
			};
			name = Release;
		};
		172F75A9299E19AE007B74C2 /* Debug */ = {
			isa = XCBuildConfiguration;
			baseConfigurationReference = E0C2C7BFA3A962F0D238E386 /* Pods-FastLaneSubjectTests.debug.xcconfig */;
			buildSettings = {
				ALWAYS_EMBED_SWIFT_STANDARD_LIBRARIES = YES;
				BUNDLE_LOADER = "$(TEST_HOST)";
				CODE_SIGN_STYLE = Automatic;
				CURRENT_PROJECT_VERSION = 1;
				DEVELOPMENT_TEAM = 4U53S827ZJ;
				GENERATE_INFOPLIST_FILE = YES;
				IPHONEOS_DEPLOYMENT_TARGET = 16.2;
				MARKETING_VERSION = 1.0;
				PRODUCT_BUNDLE_IDENTIFIER = Rooznn.FastLaneSubjectTests;
				PRODUCT_NAME = "$(TARGET_NAME)";
				SWIFT_EMIT_LOC_STRINGS = NO;
				SWIFT_VERSION = 5.0;
				TARGETED_DEVICE_FAMILY = "1,2";
				TEST_HOST = "$(BUILT_PRODUCTS_DIR)/FastLaneSubject.app/$(BUNDLE_EXECUTABLE_FOLDER_PATH)/FastLaneSubject";
			};
			name = Debug;
		};
		172F75AA299E19AE007B74C2 /* Release */ = {
			isa = XCBuildConfiguration;
			baseConfigurationReference = F5529441271CF7816245B32C /* Pods-FastLaneSubjectTests.release.xcconfig */;
			buildSettings = {
				ALWAYS_EMBED_SWIFT_STANDARD_LIBRARIES = YES;
				BUNDLE_LOADER = "$(TEST_HOST)";
				CODE_SIGN_STYLE = Automatic;
				CURRENT_PROJECT_VERSION = 1;
				DEVELOPMENT_TEAM = 4U53S827ZJ;
				GENERATE_INFOPLIST_FILE = YES;
				IPHONEOS_DEPLOYMENT_TARGET = 16.2;
				MARKETING_VERSION = 1.0;
				PRODUCT_BUNDLE_IDENTIFIER = Rooznn.FastLaneSubjectTests;
				PRODUCT_NAME = "$(TARGET_NAME)";
				SWIFT_EMIT_LOC_STRINGS = NO;
				SWIFT_VERSION = 5.0;
				TARGETED_DEVICE_FAMILY = "1,2";
				TEST_HOST = "$(BUILT_PRODUCTS_DIR)/FastLaneSubject.app/$(BUNDLE_EXECUTABLE_FOLDER_PATH)/FastLaneSubject";
			};
			name = Release;
		};
		172F75AC299E19AE007B74C2 /* Debug */ = {
			isa = XCBuildConfiguration;
			baseConfigurationReference = 714F3EBC8A757CD88FE42D07 /* Pods-FastLaneSubject-FastLaneSubjectUITests.debug.xcconfig */;
			buildSettings = {
				ALWAYS_EMBED_SWIFT_STANDARD_LIBRARIES = YES;
				CODE_SIGN_STYLE = Automatic;
				CURRENT_PROJECT_VERSION = 1;
				DEVELOPMENT_TEAM = 4U53S827ZJ;
				GENERATE_INFOPLIST_FILE = YES;
				MARKETING_VERSION = 1.0;
				PRODUCT_BUNDLE_IDENTIFIER = Rooznn.FastLaneSubjectUITests;
				PRODUCT_NAME = "$(TARGET_NAME)";
				SWIFT_EMIT_LOC_STRINGS = NO;
				SWIFT_VERSION = 5.0;
				TARGETED_DEVICE_FAMILY = "1,2";
				TEST_TARGET_NAME = FastLaneSubject;
			};
			name = Debug;
		};
		172F75AD299E19AE007B74C2 /* Release */ = {
			isa = XCBuildConfiguration;
			baseConfigurationReference = 4B5C229CC4D0695F3123B24C /* Pods-FastLaneSubject-FastLaneSubjectUITests.release.xcconfig */;
			buildSettings = {
				ALWAYS_EMBED_SWIFT_STANDARD_LIBRARIES = YES;
				CODE_SIGN_STYLE = Automatic;
				CURRENT_PROJECT_VERSION = 1;
				DEVELOPMENT_TEAM = 4U53S827ZJ;
				GENERATE_INFOPLIST_FILE = YES;
				MARKETING_VERSION = 1.0;
				PRODUCT_BUNDLE_IDENTIFIER = Rooznn.FastLaneSubjectUITests;
				PRODUCT_NAME = "$(TARGET_NAME)";
				SWIFT_EMIT_LOC_STRINGS = NO;
				SWIFT_VERSION = 5.0;
				TARGETED_DEVICE_FAMILY = "1,2";
				TEST_TARGET_NAME = FastLaneSubject;
			};
			name = Release;
		};
/* End XCBuildConfiguration section */

/* Begin XCConfigurationList section */
		172F7573299E19AD007B74C2 /* Build configuration list for PBXProject "FastLaneSubject" */ = {
			isa = XCConfigurationList;
			buildConfigurations = (
				172F75A3299E19AE007B74C2 /* Debug */,
				172F75A4299E19AE007B74C2 /* Release */,
			);
			defaultConfigurationIsVisible = 0;
			defaultConfigurationName = Release;
		};
		172F75A5299E19AE007B74C2 /* Build configuration list for PBXNativeTarget "FastLaneSubject" */ = {
			isa = XCConfigurationList;
			buildConfigurations = (
				172F75A6299E19AE007B74C2 /* Debug */,
				172F75A7299E19AE007B74C2 /* Release */,
			);
			defaultConfigurationIsVisible = 0;
			defaultConfigurationName = Release;
		};
		172F75A8299E19AE007B74C2 /* Build configuration list for PBXNativeTarget "FastLaneSubjectTests" */ = {
			isa = XCConfigurationList;
			buildConfigurations = (
				172F75A9299E19AE007B74C2 /* Debug */,
				172F75AA299E19AE007B74C2 /* Release */,
			);
			defaultConfigurationIsVisible = 0;
			defaultConfigurationName = Release;
		};
		172F75AB299E19AE007B74C2 /* Build configuration list for PBXNativeTarget "FastLaneSubjectUITests" */ = {
			isa = XCConfigurationList;
			buildConfigurations = (
				172F75AC299E19AE007B74C2 /* Debug */,
				172F75AD299E19AE007B74C2 /* Release */,
			);
			defaultConfigurationIsVisible = 0;
			defaultConfigurationName = Release;
		};
/* End XCConfigurationList section */

/* Begin XCVersionGroup section */
		172F7584299E19AD007B74C2 /* FastLaneSubject.xcdatamodeld */ = {
			isa = XCVersionGroup;
			children = (
				172F7585299E19AD007B74C2 /* FastLaneSubject.xcdatamodel */,
			);
			currentVersion = 172F7585299E19AD007B74C2 /* FastLaneSubject.xcdatamodel */;
			path = FastLaneSubject.xcdatamodeld;
			sourceTree = "<group>";
			versionGroupType = wrapper.xcdatamodel;
		};
/* End XCVersionGroup section */
	};
	rootObject = 172F7570299E19AD007B74C2 /* Project object */;
}
