PODS:
  - Alamofire (5.6.4)
  - RxSwift (6.5.0)
  - SnapKit (5.6.0)

DEPENDENCIES:
  - Alamofire
  - RxSwift
  - SnapKit

SPEC REPOS:
  trunk:
    - Alamofire
    - RxSwift
    - SnapKit

SPEC CHECKSUMS:
  Alamofire: 4e95d97098eacb88856099c4fc79b526a299e48c
  RxSwift: 5710a9e6b17f3c3d6e40d6e559b9fa1e813b2ef8
  SnapKit: e01d52ebb8ddbc333eefe2132acf85c8227d9c25

PODFILE CHECKSUM: a63e075656e3c5f429b123affe513ee97efdcbd5

COCOAPODS: 1.11.3
